# THIS IS AN AUTOGENERATED FILE. DO NOT EDIT THIS FILE DIRECTLY.
# yarn lockfile v1


ckeditor@^4.11.4:
  version "4.12.1"
  resolved "https://registry.yarnpkg.com/ckeditor/-/ckeditor-4.12.1.tgz#954a7b028dd611e44ba51cc7c2fe051cf1052186"
  integrity sha512-pH2Su4oi0D4iN/3U8nUcwI7/lXHoOJi0aiN8e2zxnm4Ow5kq8eZP2ZGmpYyuqRyKZ2tHaU8+OyYi7laXcjiq9Q==
